
Microsoft Visual Studio Solution File, Format Version 12.00
# Visual Studio Version 17
VisualStudioVersion = 17.14.36705.20 d17.14
MinimumVisualStudioVersion = 10.0.40219.1
Project("{FAE04EC0-301F-11D3-BF4B-00C04F79EFBC}") = "Internship-2-C-Sharp", "Internship-2-C-Sharp.csproj", "{436C9E2D-2B9C-4BAF-B514-769C7077274B}"
EndProject
Global
	GlobalSection(SolutionConfigurationPlatforms) = preSolution
		Debug|Any CPU = Debug|Any CPU
		Release|Any CPU = Release|Any CPU
	EndGlobalSection
	GlobalSection(ProjectConfigurationPlatforms) = postSolution
		{436C9E2D-2B9C-4BAF-B514-769C7077274B}.Debug|Any CPU.ActiveCfg = Debug|Any CPU
		{436C9E2D-2B9C-4BAF-B514-769C7077274B}.Debug|Any CPU.Build.0 = Debug|Any CPU
		{436C9E2D-2B9C-4BAF-B514-769C7077274B}.Release|Any CPU.ActiveCfg = Release|Any CPU
		{436C9E2D-2B9C-4BAF-B514-769C7077274B}.Release|Any CPU.Build.0 = Release|Any CPU
	EndGlobalSection
	GlobalSection(SolutionProperties) = preSolution
		HideSolutionNode = FALSE
	EndGlobalSection
	GlobalSection(ExtensibilityGlobals) = postSolution
		SolutionGuid = {90261153-3552-4D59-A62C-111B32BD973A}
	EndGlobalSection
EndGlobal
